
Microsoft Visual Studio Solution File, Format Version 12.00
# Visual Studio 15
VisualStudioVersion = 15.0.27428.2037
MinimumVisualStudioVersion = 10.0.40219.1
Project("{FAE04EC0-301F-11D3-BF4B-00C04F79EFBC}") = "workshop101", "workshop101\workshop101.csproj", "{39D31588-A2CB-4D7D-AF60-00D1D232F5DD}"
EndProject
Global
	GlobalSection(SolutionConfigurationPlatforms) = preSolution
		Debug|Any CPU = Debug|Any CPU
		Release|Any CPU = Release|Any CPU
	EndGlobalSection
	GlobalSection(ProjectConfigurationPlatforms) = postSolution
		{39D31588-A2CB-4D7D-AF60-00D1D232F5DD}.Debug|Any CPU.ActiveCfg = Debug|Any CPU
		{39D31588-A2CB-4D7D-AF60-00D1D232F5DD}.Debug|Any CPU.Build.0 = Debug|Any CPU
		{39D31588-A2CB-4D7D-AF60-00D1D232F5DD}.Release|Any CPU.ActiveCfg = Release|Any CPU
		{39D31588-A2CB-4D7D-AF60-00D1D232F5DD}.Release|Any CPU.Build.0 = Release|Any CPU
	EndGlobalSection
	GlobalSection(SolutionProperties) = preSolution
		HideSolutionNode = FALSE
	EndGlobalSection
	GlobalSection(ExtensibilityGlobals) = postSolution
		SolutionGuid = {6A2F62A2-3559-42FC-A331-D2E95613D4C4}
	EndGlobalSection
EndGlobal
